
Microsoft Visual Studio Solution File, Format Version 12.00
# Visual Studio Version 16
VisualStudioVersion = 16.0.31112.23
MinimumVisualStudioVersion = 10.0.40219.1
Project("{9A19103F-16F7-4668-BE54-9A1E7A4F7556}") = "Client", "Client.csproj", "{9C450490-363D-4560-89C9-73D46D07CBE0}"
EndProject
Project("{9A19103F-16F7-4668-BE54-9A1E7A4F7556}") = "Server", "..\Server\Server.csproj", "{E4109F52-DFE4-4ED9-A603-D11824BE7E49}"
EndProject
Global
	GlobalSection(SolutionConfigurationPlatforms) = preSolution
		Debug|Any CPU = Debug|Any CPU
		Release|Any CPU = Release|Any CPU
	EndGlobalSection
	GlobalSection(ProjectConfigurationPlatforms) = postSolution
		{9C450490-363D-4560-89C9-73D46D07CBE0}.Debug|Any CPU.ActiveCfg = Debug|Any CPU
		{9C450490-363D-4560-89C9-73D46D07CBE0}.Debug|Any CPU.Build.0 = Debug|Any CPU
		{9C450490-363D-4560-89C9-73D46D07CBE0}.Release|Any CPU.ActiveCfg = Release|Any CPU
		{9C450490-363D-4560-89C9-73D46D07CBE0}.Release|Any CPU.Build.0 = Release|Any CPU
		{E4109F52-DFE4-4ED9-A603-D11824BE7E49}.Debug|Any CPU.ActiveCfg = Debug|Any CPU
		{E4109F52-DFE4-4ED9-A603-D11824BE7E49}.Debug|Any CPU.Build.0 = Debug|Any CPU
		{E4109F52-DFE4-4ED9-A603-D11824BE7E49}.Release|Any CPU.ActiveCfg = Release|Any CPU
		{E4109F52-DFE4-4ED9-A603-D11824BE7E49}.Release|Any CPU.Build.0 = Release|Any CPU
	EndGlobalSection
	GlobalSection(SolutionProperties) = preSolution
		HideSolutionNode = FALSE
	EndGlobalSection
	GlobalSection(ExtensibilityGlobals) = postSolution
		SolutionGuid = {EB2CE4BF-8E20-465F-AE0D-1E3AF74BC7BB}
	EndGlobalSection
EndGlobal
