
Microsoft Visual Studio Solution File, Format Version 12.00
# Visual Studio Version 16
VisualStudioVersion = 16.0.31005.135
MinimumVisualStudioVersion = 10.0.40219.1
Project("{9A19103F-16F7-4668-BE54-9A1E7A4F7556}") = "Valuator", "Valuator.csproj", "{B3397368-4F52-411C-A6E6-0C37AE8DC334}"
EndProject
Project("{9A19103F-16F7-4668-BE54-9A1E7A4F7556}") = "RankCalculator", "..\RankCalculator\RankCalculator.csproj", "{CD7A2A67-FA56-4E5C-A91D-AF50D8B70FB7}"
	ProjectSection(ProjectDependencies) = postProject
		{B3397368-4F52-411C-A6E6-0C37AE8DC334} = {B3397368-4F52-411C-A6E6-0C37AE8DC334}
	EndProjectSection
EndProject
Project("{9A19103F-16F7-4668-BE54-9A1E7A4F7556}") = "EventsLogger", "..\EventsLogger\EventsLogger.csproj", "{9B4CE24E-3EE7-4DF2-B479-9FAD73E37C45}"
EndProject
Project("{9A19103F-16F7-4668-BE54-9A1E7A4F7556}") = "Infrastructure", "..\Infrastructure\Infrastructure\Infrastructure.csproj", "{0C615632-B72F-4975-8FF3-49C9B22F01FA}"
EndProject
Global
	GlobalSection(SolutionConfigurationPlatforms) = preSolution
		Debug|Any CPU = Debug|Any CPU
		Release|Any CPU = Release|Any CPU
	EndGlobalSection
	GlobalSection(ProjectConfigurationPlatforms) = postSolution
		{B3397368-4F52-411C-A6E6-0C37AE8DC334}.Debug|Any CPU.ActiveCfg = Debug|Any CPU
		{B3397368-4F52-411C-A6E6-0C37AE8DC334}.Debug|Any CPU.Build.0 = Debug|Any CPU
		{B3397368-4F52-411C-A6E6-0C37AE8DC334}.Release|Any CPU.ActiveCfg = Release|Any CPU
		{B3397368-4F52-411C-A6E6-0C37AE8DC334}.Release|Any CPU.Build.0 = Release|Any CPU
		{CD7A2A67-FA56-4E5C-A91D-AF50D8B70FB7}.Debug|Any CPU.ActiveCfg = Debug|Any CPU
		{CD7A2A67-FA56-4E5C-A91D-AF50D8B70FB7}.Debug|Any CPU.Build.0 = Debug|Any CPU
		{CD7A2A67-FA56-4E5C-A91D-AF50D8B70FB7}.Release|Any CPU.ActiveCfg = Release|Any CPU
		{CD7A2A67-FA56-4E5C-A91D-AF50D8B70FB7}.Release|Any CPU.Build.0 = Release|Any CPU
		{9B4CE24E-3EE7-4DF2-B479-9FAD73E37C45}.Debug|Any CPU.ActiveCfg = Debug|Any CPU
		{9B4CE24E-3EE7-4DF2-B479-9FAD73E37C45}.Debug|Any CPU.Build.0 = Debug|Any CPU
		{9B4CE24E-3EE7-4DF2-B479-9FAD73E37C45}.Release|Any CPU.ActiveCfg = Release|Any CPU
		{9B4CE24E-3EE7-4DF2-B479-9FAD73E37C45}.Release|Any CPU.Build.0 = Release|Any CPU
		{0C615632-B72F-4975-8FF3-49C9B22F01FA}.Debug|Any CPU.ActiveCfg = Debug|Any CPU
		{0C615632-B72F-4975-8FF3-49C9B22F01FA}.Debug|Any CPU.Build.0 = Debug|Any CPU
		{0C615632-B72F-4975-8FF3-49C9B22F01FA}.Release|Any CPU.ActiveCfg = Release|Any CPU
		{0C615632-B72F-4975-8FF3-49C9B22F01FA}.Release|Any CPU.Build.0 = Release|Any CPU
	EndGlobalSection
	GlobalSection(SolutionProperties) = preSolution
		HideSolutionNode = FALSE
	EndGlobalSection
	GlobalSection(ExtensibilityGlobals) = postSolution
		SolutionGuid = {A97DF6D9-DE12-41BF-AA17-B9E5C144287E}
	EndGlobalSection
EndGlobal
