
Microsoft Visual Studio Solution File, Format Version 12.00
# Visual Studio Version 16
VisualStudioVersion = 16.0.31112.23
MinimumVisualStudioVersion = 10.0.40219.1
Project("{FAE04EC0-301F-11D3-BF4B-00C04F79EFBC}") = "Infrastructure", "Infrastructure\Infrastructure.csproj", "{518ECFA7-0828-497B-A24A-1FD129CDFCF4}"
EndProject
Global
	GlobalSection(SolutionConfigurationPlatforms) = preSolution
		Debug|Any CPU = Debug|Any CPU
		Release|Any CPU = Release|Any CPU
	EndGlobalSection
	GlobalSection(ProjectConfigurationPlatforms) = postSolution
		{518ECFA7-0828-497B-A24A-1FD129CDFCF4}.Debug|Any CPU.ActiveCfg = Debug|Any CPU
		{518ECFA7-0828-497B-A24A-1FD129CDFCF4}.Debug|Any CPU.Build.0 = Debug|Any CPU
		{518ECFA7-0828-497B-A24A-1FD129CDFCF4}.Release|Any CPU.ActiveCfg = Release|Any CPU
		{518ECFA7-0828-497B-A24A-1FD129CDFCF4}.Release|Any CPU.Build.0 = Release|Any CPU
	EndGlobalSection
	GlobalSection(SolutionProperties) = preSolution
		HideSolutionNode = FALSE
	EndGlobalSection
	GlobalSection(ExtensibilityGlobals) = postSolution
		SolutionGuid = {476C5255-2DE8-4983-BA5E-69CA1AB6D58C}
	EndGlobalSection
EndGlobal
